github.com/larsartmann/go-branded-id v0.7.0 h1:k5KT50Kh0WmeniH0rQ3Gvm2RdSAQFZtuRhXWDtQkWhU=
github.com/larsartmann/go-branded-id v0.7.0/go.mod h1:gM5FhB6d23qZO8hIU/rHpUnm/6dwKy9UGMhgvXDqNsc=
github.com/larsartmann/go-error-family v0.11.0 h1:xqXLKrTMznStmHUapxd/6Fj5/878sb4SIZiy4JvCItQ=
github.com/larsartmann/go-error-family v0.11.0/go.mod h1:CAzjAVWjAFDUXEaaRqIgjW28i/NrQ07OsE9Dffhx29c=
github.com/larsartmann/go-sse v0.6.1 h1:GSc2ueXIjNAsYlZjOR8kfOlm/UwiOh5eNwVmnrqyGVw=
github.com/larsartmann/go-sse v0.6.1/go.mod h1:yN/gsqxOYwt9aqfcsfnIAzENNk+libcm2t3M4ByW1KU=
golang.org/x/mod v0.41.0 h1:qJmnOUb4YB+FsEuM3HcWucdZASCPGhsX6uljO6pog0c=
golang.org/x/mod v0.41.0/go.mod h1:Ek9pY8RKWXwsWvd3rQiHYtMqkjSUV+s1Rj7j4H5Ur6o=
