github.com/larsartmann/go-branded-id v0.6.0 h1:bqvJcozqtr8CP7/GWbWqHdYWt2YaIaWZdNvPSbqdZXU=
github.com/larsartmann/go-branded-id v0.6.0/go.mod h1:gM5FhB6d23qZO8hIU/rHpUnm/6dwKy9UGMhgvXDqNsc=
github.com/larsartmann/go-datastar v0.6.1 h1:e1TiSx3lWjsTv2q+fWWvusrEbdemlG2Kgbd6k+YmXWY=
github.com/larsartmann/go-datastar v0.6.1/go.mod h1:QtykJEQxPmDMhlg+9kNh+UxEibl/nxrtbG0aerpFUmw=
github.com/larsartmann/go-datastar/static v0.6.1 h1:f9uKQG0tabjkdYVHM0qVmZlGDGsUVRxPU+UuelGhpxk=
github.com/larsartmann/go-datastar/static v0.6.1/go.mod h1:t981dvnOKLlKU/Bo8BXlQSgwnifi18t+qtOkFNPfba8=
github.com/larsartmann/go-error-family v0.10.2 h1:WXrBI60IZBli5bvjOr/XOZbqzPtGAPFerdumzy8CnTU=
github.com/larsartmann/go-error-family v0.10.2/go.mod h1:SYSVwVMTkw2GcqXI4khjMYOg7ey39o8sh7rXC9LfNcY=
github.com/larsartmann/go-sse v0.6.1 h1:GSc2ueXIjNAsYlZjOR8kfOlm/UwiOh5eNwVmnrqyGVw=
github.com/larsartmann/go-sse v0.6.1/go.mod h1:yN/gsqxOYwt9aqfcsfnIAzENNk+libcm2t3M4ByW1KU=
github.com/larsartmann/go-sse/sseparse v0.1.0 h1:GwMNf9cKhO1ST77LR3CYYrLluNRuiEwhqm7x3HVIf20=
github.com/larsartmann/go-sse/sseparse v0.1.0/go.mod h1:1Nql3y1hf9v/IVd4/26AfRilz0/OiDyF7YA2mvwwtHw=
github.com/larsartmann/go-sse/ssetest v0.4.0 h1:MxkTgUnDhun2/UQURq4iAOENr8mvB6XmPHFowYRU4xE=
github.com/larsartmann/go-sse/ssetest v0.4.0/go.mod h1:XNwAlmELNm154O4QoNvktGH1DpyxafvMQDOJbLfVFIc=
golang.org/x/mod v0.40.0 h1:hUv+3cXcdRHz08UmSiOob7sadHig73uo5bkXxQ/tvUs=
golang.org/x/mod v0.40.0/go.mod h1:0/weTWkPWGBikyTWAX3dkjVztMmBA5hM0DH6BElSupE=
